
Microsoft Visual Studio Solution File, Format Version 12.00
Project("{FAE04EC0-301F-11D3-BF4B-00C04F79EFBC}") = "leetcode-sharp", "leetcode-sharp\leetcode-sharp.csproj", "{27FEC2AB-226E-4F21-98D7-76883D953C12}"
EndProject
Project("{FAE04EC0-301F-11D3-BF4B-00C04F79EFBC}") = "UnitTests", "UnitTests\UnitTests.csproj", "{39765ACB-AD17-41F6-960D-1984643F4622}"
EndProject
Project("{2150E333-8FDC-42A3-9474-1A3956D46DE8}") = "SolutionItems", "SolutionItems", "{C7D719C8-D68D-499C-8A92-3E64E0DB811C}"
	ProjectSection(SolutionItems) = preProject
		.gitignore = .gitignore
		README.md = README.md
	EndProjectSection
EndProject
Global
	GlobalSection(SolutionConfigurationPlatforms) = preSolution
		Debug|Any CPU = Debug|Any CPU
		Release|Any CPU = Release|Any CPU
	EndGlobalSection
	GlobalSection(ProjectConfigurationPlatforms) = postSolution
		{27FEC2AB-226E-4F21-98D7-76883D953C12}.Debug|Any CPU.ActiveCfg = Debug|Any CPU
		{27FEC2AB-226E-4F21-98D7-76883D953C12}.Debug|Any CPU.Build.0 = Debug|Any CPU
		{27FEC2AB-226E-4F21-98D7-76883D953C12}.Release|Any CPU.ActiveCfg = Release|Any CPU
		{27FEC2AB-226E-4F21-98D7-76883D953C12}.Release|Any CPU.Build.0 = Release|Any CPU
		{39765ACB-AD17-41F6-960D-1984643F4622}.Debug|Any CPU.ActiveCfg = Debug|Any CPU
		{39765ACB-AD17-41F6-960D-1984643F4622}.Debug|Any CPU.Build.0 = Debug|Any CPU
		{39765ACB-AD17-41F6-960D-1984643F4622}.Release|Any CPU.ActiveCfg = Release|Any CPU
		{39765ACB-AD17-41F6-960D-1984643F4622}.Release|Any CPU.Build.0 = Release|Any CPU
	EndGlobalSection
EndGlobal
